// !$*UTF8*$!
{
	archiveVersion = 1;
	classes = {
	};
	objectVersion = 55;
	objects = {

/* Begin PBXBuildFile section */
		1910F062279414CA006A1637 /* AppDelegate.swift in Sources */ = {isa = PBXBuildFile; fileRef = 1910F061279414CA006A1637 /* AppDelegate.swift */; };
		1910F064279414CA006A1637 /* SceneDelegate.swift in Sources */ = {isa = PBXBuildFile; fileRef = 1910F063279414CA006A1637 /* SceneDelegate.swift */; };
		1910F069279414CA006A1637 /* Main.storyboard in Resources */ = {isa = PBXBuildFile; fileRef = 1910F067279414CA006A1637 /* Main.storyboard */; };
		1910F06B279414CD006A1637 /* Assets.xcassets in Resources */ = {isa = PBXBuildFile; fileRef = 1910F06A279414CD006A1637 /* Assets.xcassets */; };
		1910F06E279414CD006A1637 /* LaunchScreen.storyboard in Resources */ = {isa = PBXBuildFile; fileRef = 1910F06C279414CD006A1637 /* LaunchScreen.storyboard */; };
		1910F076279415A0006A1637 /* MainTableViewController.swift in Sources */ = {isa = PBXBuildFile; fileRef = 1910F075279415A0006A1637 /* MainTableViewController.swift */; };
		1910F07827941654006A1637 /* Total.swift in Sources */ = {isa = PBXBuildFile; fileRef = 1910F07727941654006A1637 /* Total.swift */; };
		1910F07A279416B8006A1637 /* NetworkingManager.swift in Sources */ = {isa = PBXBuildFile; fileRef = 1910F079279416B8006A1637 /* NetworkingManager.swift */; };
		1910F07C27941821006A1637 /* API.swift in Sources */ = {isa = PBXBuildFile; fileRef = 1910F07B27941821006A1637 /* API.swift */; };
		1910F07E27942556006A1637 /* Object.swift in Sources */ = {isa = PBXBuildFile; fileRef = 1910F07D27942556006A1637 /* Object.swift */; };
		1910F0802794396B006A1637 /* ObjectViewController.swift in Sources */ = {isa = PBXBuildFile; fileRef = 1910F07F2794396B006A1637 /* ObjectViewController.swift */; };
/* End PBXBuildFile section */

/* Begin PBXFileReference section */
		1910F05E279414CA006A1637 /* HW2.10.Metmuseum.app */ = {isa = PBXFileReference; explicitFileType = wrapper.application; includeInIndex = 0; path = HW2.10.Metmuseum.app; sourceTree = BUILT_PRODUCTS_DIR; };
		1910F061279414CA006A1637 /* AppDelegate.swift */ = {isa = PBXFileReference; lastKnownFileType = sourcecode.swift; path = AppDelegate.swift; sourceTree = "<group>"; };
		1910F063279414CA006A1637 /* SceneDelegate.swift */ = {isa = PBXFileReference; lastKnownFileType = sourcecode.swift; path = SceneDelegate.swift; sourceTree = "<group>"; };
		1910F068279414CA006A1637 /* Base */ = {isa = PBXFileReference; lastKnownFileType = file.storyboard; name = Base; path = Base.lproj/Main.storyboard; sourceTree = "<group>"; };
		1910F06A279414CD006A1637 /* Assets.xcassets */ = {isa = PBXFileReference; lastKnownFileType = folder.assetcatalog; path = Assets.xcassets; sourceTree = "<group>"; };
		1910F06D279414CD006A1637 /* Base */ = {isa = PBXFileReference; lastKnownFileType = file.storyboard; name = Base; path = Base.lproj/LaunchScreen.storyboard; sourceTree = "<group>"; };
		1910F06F279414CD006A1637 /* Info.plist */ = {isa = PBXFileReference; lastKnownFileType = text.plist.xml; path = Info.plist; sourceTree = "<group>"; };
		1910F075279415A0006A1637 /* MainTableViewController.swift */ = {isa = PBXFileReference; lastKnownFileType = sourcecode.swift; path = MainTableViewController.swift; sourceTree = "<group>"; };
		1910F07727941654006A1637 /* Total.swift */ = {isa = PBXFileReference; lastKnownFileType = sourcecode.swift; path = Total.swift; sourceTree = "<group>"; };
		1910F079279416B8006A1637 /* NetworkingManager.swift */ = {isa = PBXFileReference; lastKnownFileType = sourcecode.swift; path = NetworkingManager.swift; sourceTree = "<group>"; };
		1910F07B27941821006A1637 /* API.swift */ = {isa = PBXFileReference; lastKnownFileType = sourcecode.swift; path = API.swift; sourceTree = "<group>"; };
		1910F07D27942556006A1637 /* Object.swift */ = {isa = PBXFileReference; lastKnownFileType = sourcecode.swift; path = Object.swift; sourceTree = "<group>"; };
		1910F07F2794396B006A1637 /* ObjectViewController.swift */ = {isa = PBXFileReference; lastKnownFileType = sourcecode.swift; path = ObjectViewController.swift; sourceTree = "<group>"; };
/* End PBXFileReference section */

/* Begin PBXFrameworksBuildPhase section */
		1910F05B279414CA006A1637 /* Frameworks */ = {
			isa = PBXFrameworksBuildPhase;
			buildActionMask = 2147483647;
			files = (
			);
			runOnlyForDeploymentPostprocessing = 0;
		};
/* End PBXFrameworksBuildPhase section */

/* Begin PBXGroup section */
		1910F055279414CA006A1637 = {
			isa = PBXGroup;
			children = (
				1910F060279414CA006A1637 /* HW2.10.Metmuseum */,
				1910F05F279414CA006A1637 /* Products */,
			);
			sourceTree = "<group>";
		};
		1910F05F279414CA006A1637 /* Products */ = {
			isa = PBXGroup;
			children = (
				1910F05E279414CA006A1637 /* HW2.10.Metmuseum.app */,
			);
			name = Products;
			sourceTree = "<group>";
		};
		1910F060279414CA006A1637 /* HW2.10.Metmuseum */ = {
			isa = PBXGroup;
			children = (
				1910F061279414CA006A1637 /* AppDelegate.swift */,
				1910F063279414CA006A1637 /* SceneDelegate.swift */,
				1910F075279415A0006A1637 /* MainTableViewController.swift */,
				1910F07F2794396B006A1637 /* ObjectViewController.swift */,
				1910F07727941654006A1637 /* Total.swift */,
				1910F07D27942556006A1637 /* Object.swift */,
				1910F079279416B8006A1637 /* NetworkingManager.swift */,
				1910F07B27941821006A1637 /* API.swift */,
				1910F067279414CA006A1637 /* Main.storyboard */,
				1910F06A279414CD006A1637 /* Assets.xcassets */,
				1910F06C279414CD006A1637 /* LaunchScreen.storyboard */,
				1910F06F279414CD006A1637 /* Info.plist */,
			);
			path = HW2.10.Metmuseum;
			sourceTree = "<group>";
		};
/* End PBXGroup section */

/* Begin PBXNativeTarget section */
		1910F05D279414CA006A1637 /* HW2.10.Metmuseum */ = {
			isa = PBXNativeTarget;
			buildConfigurationList = 1910F072279414CD006A1637 /* Build configuration list for PBXNativeTarget "HW2.10.Metmuseum" */;
			buildPhases = (
				1910F05A279414CA006A1637 /* Sources */,
				1910F05B279414CA006A1637 /* Frameworks */,
				1910F05C279414CA006A1637 /* Resources */,
			);
			buildRules = (
			);
			dependencies = (
			);
			name = HW2.10.Metmuseum;
			productName = HW2.10.Metmuseum;
			productReference = 1910F05E279414CA006A1637 /* HW2.10.Metmuseum.app */;
			productType = "com.apple.product-type.application";
		};
/* End PBXNativeTarget section */

/* Begin PBXProject section */
		1910F056279414CA006A1637 /* Project object */ = {
			isa = PBXProject;
			attributes = {
				BuildIndependentTargetsInParallel = 1;
				LastSwiftUpdateCheck = 1310;
				LastUpgradeCheck = 1310;
				TargetAttributes = {
					1910F05D279414CA006A1637 = {
						CreatedOnToolsVersion = 13.1;
					};
				};
			};
			buildConfigurationList = 1910F059279414CA006A1637 /* Build configuration list for PBXProject "HW2.10.Metmuseum" */;
			compatibilityVersion = "Xcode 13.0";
			developmentRegion = en;
			hasScannedForEncodings = 0;
			knownRegions = (
				en,
				Base,
			);
			mainGroup = 1910F055279414CA006A1637;
			productRefGroup = 1910F05F279414CA006A1637 /* Products */;
			projectDirPath = "";
			projectRoot = "";
			targets = (
				1910F05D279414CA006A1637 /* HW2.10.Metmuseum */,
			);
		};
/* End PBXProject section */

/* Begin PBXResourcesBuildPhase section */
		1910F05C279414CA006A1637 /* Resources */ = {
			isa = PBXResourcesBuildPhase;
			buildActionMask = 2147483647;
			files = (
				1910F06E279414CD006A1637 /* LaunchScreen.storyboard in Resources */,
				1910F06B279414CD006A1637 /* Assets.xcassets in Resources */,
				1910F069279414CA006A1637 /* Main.storyboard in Resources */,
			);
			runOnlyForDeploymentPostprocessing = 0;
		};
/* End PBXResourcesBuildPhase section */

/* Begin PBXSourcesBuildPhase section */
		1910F05A279414CA006A1637 /* Sources */ = {
			isa = PBXSourcesBuildPhase;
			buildActionMask = 2147483647;
			files = (
				1910F062279414CA006A1637 /* AppDelegate.swift in Sources */,
				1910F076279415A0006A1637 /* MainTableViewController.swift in Sources */,
				1910F07827941654006A1637 /* Total.swift in Sources */,
				1910F0802794396B006A1637 /* ObjectViewController.swift in Sources */,
				1910F07E27942556006A1637 /* Object.swift in Sources */,
				1910F07A279416B8006A1637 /* NetworkingManager.swift in Sources */,
				1910F07C27941821006A1637 /* API.swift in Sources */,
				1910F064279414CA006A1637 /* SceneDelegate.swift in Sources */,
			);
			runOnlyForDeploymentPostprocessing = 0;
		};
/* End PBXSourcesBuildPhase section */

/* Begin PBXVariantGroup section */
		1910F067279414CA006A1637 /* Main.storyboard */ = {
			isa = PBXVariantGroup;
			children = (
				1910F068279414CA006A1637 /* Base */,
			);
			name = Main.storyboard;
			sourceTree = "<group>";
		};
		1910F06C279414CD006A1637 /* LaunchScreen.storyboard */ = {
			isa = PBXVariantGroup;
			children = (
				1910F06D279414CD006A1637 /* Base */,
			);
			name = LaunchScreen.storyboard;
			sourceTree = "<group>";
		};
/* End PBXVariantGroup section */

/* Begin XCBuildConfiguration section */
		1910F070279414CD006A1637 /* Debug */ = {
			isa = XCBuildConfiguration;
			buildSettings = {
				ALWAYS_SEARCH_USER_PATHS = NO;
				CLANG_ANALYZER_NONNULL = YES;
				CLANG_ANALYZER_NUMBER_OBJECT_CONVERSION = YES_AGGRESSIVE;
				CLANG_CXX_LANGUAGE_STANDARD = "gnu++17";
				CLANG_CXX_LIBRARY = "libc++";
				CLANG_ENABLE_MODULES = YES;
				CLANG_ENABLE_OBJC_ARC = YES;
				CLANG_ENABLE_OBJC_WEAK = YES;
				CLANG_WARN_BLOCK_CAPTURE_AUTORELEASING = YES;
				CLANG_WARN_BOOL_CONVERSION = YES;
				CLANG_WARN_COMMA = YES;
				CLANG_WARN_CONSTANT_CONVERSION = YES;
				CLANG_WARN_DEPRECATED_OBJC_IMPLEMENTATIONS = YES;
				CLANG_WARN_DIRECT_OBJC_ISA_USAGE = YES_ERROR;
				CLANG_WARN_DOCUMENTATION_COMMENTS = YES;
				CLANG_WARN_EMPTY_BODY = YES;
				CLANG_WARN_ENUM_CONVERSION = YES;
				CLANG_WARN_INFINITE_RECURSION = YES;
				CLANG_WARN_INT_CONVERSION = YES;
				CLANG_WARN_NON_LITERAL_NULL_CONVERSION = YES;
				CLANG_WARN_OBJC_IMPLICIT_RETAIN_SELF = YES;
				CLANG_WARN_OBJC_LITERAL_CONVERSION = YES;
				CLANG_WARN_OBJC_ROOT_CLASS = YES_ERROR;
				CLANG_WARN_QUOTED_INCLUDE_IN_FRAMEWORK_HEADER = YES;
				CLANG_WARN_RANGE_LOOP_ANALYSIS = YES;
				CLANG_WARN_STRICT_PROTOTYPES = YES;
				CLANG_WARN_SUSPICIOUS_MOVE = YES;
				CLANG_WARN_UNGUARDED_AVAILABILITY = YES_AGGRESSIVE;
				CLANG_WARN_UNREACHABLE_CODE = YES;
				CLANG_WARN__DUPLICATE_METHOD_MATCH = YES;
				COPY_PHASE_STRIP = NO;
				DEBUG_INFORMATION_FORMAT = dwarf;
				ENABLE_STRICT_OBJC_MSGSEND = YES;
				ENABLE_TESTABILITY = YES;
				GCC_C_LANGUAGE_STANDARD = gnu11;
				GCC_DYNAMIC_NO_PIC = NO;
				GCC_NO_COMMON_BLOCKS = YES;
				GCC_OPTIMIZATION_LEVEL = 0;
				GCC_PREPROCESSOR_DEFINITIONS = (
					"DEBUG=1",
					"$(inherited)",
				);
				GCC_WARN_64_TO_32_BIT_CONVERSION = YES;
				GCC_WARN_ABOUT_RETURN_TYPE = YES_ERROR;
				GCC_WARN_UNDECLARED_SELECTOR = YES;
				GCC_WARN_UNINITIALIZED_AUTOS = YES_AGGRESSIVE;
				GCC_WARN_UNUSED_FUNCTION = YES;
				GCC_WARN_UNUSED_VARIABLE = YES;
				IPHONEOS_DEPLOYMENT_TARGET = 15.0;
				MTL_ENABLE_DEBUG_INFO = INCLUDE_SOURCE;
				MTL_FAST_MATH = YES;
				ONLY_ACTIVE_ARCH = YES;
				SDKROOT = iphoneos;
				SWIFT_ACTIVE_COMPILATION_CONDITIONS = DEBUG;
				SWIFT_OPTIMIZATION_LEVEL = "-Onone";
			};
			name = Debug;
		};
		1910F071279414CD006A1637 /* Release */ = {
			isa = XCBuildConfiguration;
			buildSettings = {
				ALWAYS_SEARCH_USER_PATHS = NO;
				CLANG_ANALYZER_NONNULL = YES;
				CLANG_ANALYZER_NUMBER_OBJECT_CONVERSION = YES_AGGRESSIVE;
				CLANG_CXX_LANGUAGE_STANDARD = "gnu++17";
				CLANG_CXX_LIBRARY = "libc++";
				CLANG_ENABLE_MODULES = YES;
				CLANG_ENABLE_OBJC_ARC = YES;
				CLANG_ENABLE_OBJC_WEAK = YES;
				CLANG_WARN_BLOCK_CAPTURE_AUTORELEASING = YES;
				CLANG_WARN_BOOL_CONVERSION = YES;
				CLANG_WARN_COMMA = YES;
				CLANG_WARN_CONSTANT_CONVERSION = YES;
				CLANG_WARN_DEPRECATED_OBJC_IMPLEMENTATIONS = YES;
				CLANG_WARN_DIRECT_OBJC_ISA_USAGE = YES_ERROR;
				CLANG_WARN_DOCUMENTATION_COMMENTS = YES;
				CLANG_WARN_EMPTY_BODY = YES;
				CLANG_WARN_ENUM_CONVERSION = YES;
				CLANG_WARN_INFINITE_RECURSION = YES;
				CLANG_WARN_INT_CONVERSION = YES;
				CLANG_WARN_NON_LITERAL_NULL_CONVERSION = YES;
				CLANG_WARN_OBJC_IMPLICIT_RETAIN_SELF = YES;
				CLANG_WARN_OBJC_LITERAL_CONVERSION = YES;
				CLANG_WARN_OBJC_ROOT_CLASS = YES_ERROR;
				CLANG_WARN_QUOTED_INCLUDE_IN_FRAMEWORK_HEADER = YES;
				CLANG_WARN_RANGE_LOOP_ANALYSIS = YES;
				CLANG_WARN_STRICT_PROTOTYPES = YES;
				CLANG_WARN_SUSPICIOUS_MOVE = YES;
				CLANG_WARN_UNGUARDED_AVAILABILITY = YES_AGGRESSIVE;
				CLANG_WARN_UNREACHABLE_CODE = YES;
				CLANG_WARN__DUPLICATE_METHOD_MATCH = YES;
				COPY_PHASE_STRIP = NO;
				DEBUG_INFORMATION_FORMAT = "dwarf-with-dsym";
				ENABLE_NS_ASSERTIONS = NO;
				ENABLE_STRICT_OBJC_MSGSEND = YES;
				GCC_C_LANGUAGE_STANDARD = gnu11;
				GCC_NO_COMMON_BLOCKS = YES;
				GCC_WARN_64_TO_32_BIT_CONVERSION = YES;
				GCC_WARN_ABOUT_RETURN_TYPE = YES_ERROR;
				GCC_WARN_UNDECLARED_SELECTOR = YES;
				GCC_WARN_UNINITIALIZED_AUTOS = YES_AGGRESSIVE;
				GCC_WARN_UNUSED_FUNCTION = YES;
				GCC_WARN_UNUSED_VARIABLE = YES;
				IPHONEOS_DEPLOYMENT_TARGET = 15.0;
				MTL_ENABLE_DEBUG_INFO = NO;
				MTL_FAST_MATH = YES;
				SDKROOT = iphoneos;
				SWIFT_COMPILATION_MODE = wholemodule;
				SWIFT_OPTIMIZATION_LEVEL = "-O";
				VALIDATE_PRODUCT = YES;
			};
			name = Release;
		};
		1910F073279414CD006A1637 /* Debug */ = {
			isa = XCBuildConfiguration;
			buildSettings = {
				ASSETCATALOG_COMPILER_APPICON_NAME = AppIcon;
				ASSETCATALOG_COMPILER_GLOBAL_ACCENT_COLOR_NAME = AccentColor;
				CODE_SIGN_STYLE = Automatic;
				CURRENT_PROJECT_VERSION = 1;
				DEVELOPMENT_TEAM = LZN9MNW3NF;
				GENERATE_INFOPLIST_FILE = YES;
				INFOPLIST_FILE = HW2.10.Metmuseum/Info.plist;
				INFOPLIST_KEY_UIApplicationSupportsIndirectInputEvents = YES;
				INFOPLIST_KEY_UILaunchStoryboardName = LaunchScreen;
				INFOPLIST_KEY_UIMainStoryboardFile = Main;
				INFOPLIST_KEY_UISupportedInterfaceOrientations_iPad = "UIInterfaceOrientationPortrait UIInterfaceOrientationPortraitUpsideDown UIInterfaceOrientationLandscapeLeft UIInterfaceOrientationLandscapeRight";
				INFOPLIST_KEY_UISupportedInterfaceOrientations_iPhone = "UIInterfaceOrientationPortrait UIInterfaceOrientationLandscapeLeft UIInterfaceOrientationLandscapeRight";
				LD_RUNPATH_SEARCH_PATHS = (
					"$(inherited)",
					"@executable_path/Frameworks",
				);
				MARKETING_VERSION = 1.0;
				PRODUCT_BUNDLE_IDENTIFIER = "com.dmitriiOnegin.HW2-10-Metmuseum";
				PRODUCT_NAME = "$(TARGET_NAME)";
				SWIFT_EMIT_LOC_STRINGS = YES;
				SWIFT_VERSION = 5.0;
				TARGETED_DEVICE_FAMILY = "1,2";
			};
			name = Debug;
		};
		1910F074279414CD006A1637 /* Release */ = {
			isa = XCBuildConfiguration;
			buildSettings = {
				ASSETCATALOG_COMPILER_APPICON_NAME = AppIcon;
				ASSETCATALOG_COMPILER_GLOBAL_ACCENT_COLOR_NAME = AccentColor;
				CODE_SIGN_STYLE = Automatic;
				CURRENT_PROJECT_VERSION = 1;
				DEVELOPMENT_TEAM = LZN9MNW3NF;
				GENERATE_INFOPLIST_FILE = YES;
				INFOPLIST_FILE = HW2.10.Metmuseum/Info.plist;
				INFOPLIST_KEY_UIApplicationSupportsIndirectInputEvents = YES;
				INFOPLIST_KEY_UILaunchStoryboardName = LaunchScreen;
				INFOPLIST_KEY_UIMainStoryboardFile = Main;
				INFOPLIST_KEY_UISupportedInterfaceOrientations_iPad = "UIInterfaceOrientationPortrait UIInterfaceOrientationPortraitUpsideDown UIInterfaceOrientationLandscapeLeft UIInterfaceOrientationLandscapeRight";
				INFOPLIST_KEY_UISupportedInterfaceOrientations_iPhone = "UIInterfaceOrientationPortrait UIInterfaceOrientationLandscapeLeft UIInterfaceOrientationLandscapeRight";
				LD_RUNPATH_SEARCH_PATHS = (
					"$(inherited)",
					"@executable_path/Frameworks",
				);
				MARKETING_VERSION = 1.0;
				PRODUCT_BUNDLE_IDENTIFIER = "com.dmitriiOnegin.HW2-10-Metmuseum";
				PRODUCT_NAME = "$(TARGET_NAME)";
				SWIFT_EMIT_LOC_STRINGS = YES;
				SWIFT_VERSION = 5.0;
				TARGETED_DEVICE_FAMILY = "1,2";
			};
			name = Release;
		};
/* End XCBuildConfiguration section */

/* Begin XCConfigurationList section */
		1910F059279414CA006A1637 /* Build configuration list for PBXProject "HW2.10.Metmuseum" */ = {
			isa = XCConfigurationList;
			buildConfigurations = (
				1910F070279414CD006A1637 /* Debug */,
				1910F071279414CD006A1637 /* Release */,
			);
			defaultConfigurationIsVisible = 0;
			defaultConfigurationName = Release;
		};
		1910F072279414CD006A1637 /* Build configuration list for PBXNativeTarget "HW2.10.Metmuseum" */ = {
			isa = XCConfigurationList;
			buildConfigurations = (
				1910F073279414CD006A1637 /* Debug */,
				1910F074279414CD006A1637 /* Release */,
			);
			defaultConfigurationIsVisible = 0;
			defaultConfigurationName = Release;
		};
/* End XCConfigurationList section */
	};
	rootObject = 1910F056279414CA006A1637 /* Project object */;
}
